// !$*UTF8*$!
{
	archiveVersion = 1;
	classes = {
	};
	objectVersion = 48;
	objects = {

/* Begin PBXBuildFile section */
		8631854B2247F54F00B5B64B /* ContentCell.swift in Sources */ = {isa = PBXBuildFile; fileRef = 8631854A2247F54F00B5B64B /* ContentCell.swift */; };
		8631854D2247F5B600B5B64B /* SlideMenuCell.swift in Sources */ = {isa = PBXBuildFile; fileRef = 8631854C2247F5B600B5B64B /* SlideMenuCell.swift */; };
		863185502247F60800B5B64B /* Extensions.swift in Sources */ = {isa = PBXBuildFile; fileRef = 8631854F2247F60800B5B64B /* Extensions.swift */; };
		864F106B2230C7C100A985D2 /* AppDelegate.swift in Sources */ = {isa = PBXBuildFile; fileRef = 864F106A2230C7C100A985D2 /* AppDelegate.swift */; };
		864F10722230C7C100A985D2 /* Assets.xcassets in Resources */ = {isa = PBXBuildFile; fileRef = 864F10712230C7C100A985D2 /* Assets.xcassets */; };
		864F10752230C7C100A985D2 /* LaunchScreen.storyboard in Resources */ = {isa = PBXBuildFile; fileRef = 864F10732230C7C100A985D2 /* LaunchScreen.storyboard */; };
		864F10802230C7C100A985D2 /* IGNFrontEndTests.swift in Sources */ = {isa = PBXBuildFile; fileRef = 864F107F2230C7C100A985D2 /* IGNFrontEndTests.swift */; };
		864F108B2230C7C100A985D2 /* IGNFrontEndUITests.swift in Sources */ = {isa = PBXBuildFile; fileRef = 864F108A2230C7C100A985D2 /* IGNFrontEndUITests.swift */; };
		864F10992230CA6C00A985D2 /* DataRetrievalViewController.swift in Sources */ = {isa = PBXBuildFile; fileRef = 864F10982230CA6C00A985D2 /* DataRetrievalViewController.swift */; };
		864F109B22332EFA00A985D2 /* IGNApi.swift in Sources */ = {isa = PBXBuildFile; fileRef = 864F109A22332EFA00A985D2 /* IGNApi.swift */; };
		864F109F2236B33B00A985D2 /* ContentItem.swift in Sources */ = {isa = PBXBuildFile; fileRef = 864F109E2236B33B00A985D2 /* ContentItem.swift */; };
		864F10A3223813E600A985D2 /* Main.storyboard in Resources */ = {isa = PBXBuildFile; fileRef = 864F10A2223813E600A985D2 /* Main.storyboard */; };
		864F10A5223F173300A985D2 /* SlideBar.swift in Sources */ = {isa = PBXBuildFile; fileRef = 864F10A4223F173300A985D2 /* SlideBar.swift */; };
		865F51E72246B78600F162BA /* DisplayWebViewController.swift in Sources */ = {isa = PBXBuildFile; fileRef = 865F51E62246B78600F162BA /* DisplayWebViewController.swift */; };
/* End PBXBuildFile section */

/* Begin PBXContainerItemProxy section */
		864F107C2230C7C100A985D2 /* PBXContainerItemProxy */ = {
			isa = PBXContainerItemProxy;
			containerPortal = 864F105F2230C7C100A985D2 /* Project object */;
			proxyType = 1;
			remoteGlobalIDString = 864F10662230C7C100A985D2;
			remoteInfo = IGNFrontEnd;
		};
		864F10872230C7C100A985D2 /* PBXContainerItemProxy */ = {
			isa = PBXContainerItemProxy;
			containerPortal = 864F105F2230C7C100A985D2 /* Project object */;
			proxyType = 1;
			remoteGlobalIDString = 864F10662230C7C100A985D2;
			remoteInfo = IGNFrontEnd;
		};
/* End PBXContainerItemProxy section */

/* Begin PBXFileReference section */
		8631854A2247F54F00B5B64B /* ContentCell.swift */ = {isa = PBXFileReference; lastKnownFileType = sourcecode.swift; path = ContentCell.swift; sourceTree = "<group>"; };
		8631854C2247F5B600B5B64B /* SlideMenuCell.swift */ = {isa = PBXFileReference; lastKnownFileType = sourcecode.swift; path = SlideMenuCell.swift; sourceTree = "<group>"; };
		8631854F2247F60800B5B64B /* Extensions.swift */ = {isa = PBXFileReference; lastKnownFileType = sourcecode.swift; path = Extensions.swift; sourceTree = "<group>"; };
		864F10672230C7C100A985D2 /* IGNFrontEnd.app */ = {isa = PBXFileReference; explicitFileType = wrapper.application; includeInIndex = 0; path = IGNFrontEnd.app; sourceTree = BUILT_PRODUCTS_DIR; };
		864F106A2230C7C100A985D2 /* AppDelegate.swift */ = {isa = PBXFileReference; lastKnownFileType = sourcecode.swift; path = AppDelegate.swift; sourceTree = "<group>"; };
		864F10712230C7C100A985D2 /* Assets.xcassets */ = {isa = PBXFileReference; lastKnownFileType = folder.assetcatalog; path = Assets.xcassets; sourceTree = "<group>"; };
		864F10742230C7C100A985D2 /* Base */ = {isa = PBXFileReference; lastKnownFileType = file.storyboard; name = Base; path = Base.lproj/LaunchScreen.storyboard; sourceTree = "<group>"; };
		864F10762230C7C100A985D2 /* Info.plist */ = {isa = PBXFileReference; lastKnownFileType = text.plist.xml; path = Info.plist; sourceTree = "<group>"; };
		864F107B2230C7C100A985D2 /* IGNFrontEndTests.xctest */ = {isa = PBXFileReference; explicitFileType = wrapper.cfbundle; includeInIndex = 0; path = IGNFrontEndTests.xctest; sourceTree = BUILT_PRODUCTS_DIR; };
		864F107F2230C7C100A985D2 /* IGNFrontEndTests.swift */ = {isa = PBXFileReference; lastKnownFileType = sourcecode.swift; path = IGNFrontEndTests.swift; sourceTree = "<group>"; };
		864F10812230C7C100A985D2 /* Info.plist */ = {isa = PBXFileReference; lastKnownFileType = text.plist.xml; path = Info.plist; sourceTree = "<group>"; };
		864F10862230C7C100A985D2 /* IGNFrontEndUITests.xctest */ = {isa = PBXFileReference; explicitFileType = wrapper.cfbundle; includeInIndex = 0; path = IGNFrontEndUITests.xctest; sourceTree = BUILT_PRODUCTS_DIR; };
		864F108A2230C7C100A985D2 /* IGNFrontEndUITests.swift */ = {isa = PBXFileReference; lastKnownFileType = sourcecode.swift; path = IGNFrontEndUITests.swift; sourceTree = "<group>"; };
		864F108C2230C7C100A985D2 /* Info.plist */ = {isa = PBXFileReference; lastKnownFileType = text.plist.xml; path = Info.plist; sourceTree = "<group>"; };
		864F10982230CA6C00A985D2 /* DataRetrievalViewController.swift */ = {isa = PBXFileReference; lastKnownFileType = sourcecode.swift; path = DataRetrievalViewController.swift; sourceTree = "<group>"; };
		864F109A22332EFA00A985D2 /* IGNApi.swift */ = {isa = PBXFileReference; lastKnownFileType = sourcecode.swift; path = IGNApi.swift; sourceTree = "<group>"; };
		864F109E2236B33B00A985D2 /* ContentItem.swift */ = {isa = PBXFileReference; lastKnownFileType = sourcecode.swift; path = ContentItem.swift; sourceTree = "<group>"; };
		864F10A2223813E600A985D2 /* Main.storyboard */ = {isa = PBXFileReference; lastKnownFileType = file.storyboard; path = Main.storyboard; sourceTree = "<group>"; };
		864F10A4223F173300A985D2 /* SlideBar.swift */ = {isa = PBXFileReference; lastKnownFileType = sourcecode.swift; path = SlideBar.swift; sourceTree = "<group>"; };
		865F51E62246B78600F162BA /* DisplayWebViewController.swift */ = {isa = PBXFileReference; lastKnownFileType = sourcecode.swift; path = DisplayWebViewController.swift; sourceTree = "<group>"; };
/* End PBXFileReference section */

/* Begin PBXFrameworksBuildPhase section */
		864F10642230C7C100A985D2 /* Frameworks */ = {
			isa = PBXFrameworksBuildPhase;
			buildActionMask = 2147483647;
			files = (
			);
			runOnlyForDeploymentPostprocessing = 0;
		};
		864F10782230C7C100A985D2 /* Frameworks */ = {
			isa = PBXFrameworksBuildPhase;
			buildActionMask = 2147483647;
			files = (
			);
			runOnlyForDeploymentPostprocessing = 0;
		};
		864F10832230C7C100A985D2 /* Frameworks */ = {
			isa = PBXFrameworksBuildPhase;
			buildActionMask = 2147483647;
			files = (
			);
			runOnlyForDeploymentPostprocessing = 0;
		};
/* End PBXFrameworksBuildPhase section */

/* Begin PBXGroup section */
		863185472247F3DD00B5B64B /* Model */ = {
			isa = PBXGroup;
			children = (
				864F109E2236B33B00A985D2 /* ContentItem.swift */,
				864F109A22332EFA00A985D2 /* IGNApi.swift */,
			);
			path = Model;
			sourceTree = "<group>";
		};
		863185482247F41400B5B64B /* View */ = {
			isa = PBXGroup;
			children = (
				865F51E62246B78600F162BA /* DisplayWebViewController.swift */,
				864F10A4223F173300A985D2 /* SlideBar.swift */,
				8631854C2247F5B600B5B64B /* SlideMenuCell.swift */,
			);
			path = View;
			sourceTree = "<group>";
		};
		863185492247F43100B5B64B /* Controller */ = {
			isa = PBXGroup;
			children = (
				864F10982230CA6C00A985D2 /* DataRetrievalViewController.swift */,
				8631854A2247F54F00B5B64B /* ContentCell.swift */,
			);
			path = Controller;
			sourceTree = "<group>";
		};
		8631854E2247F5F700B5B64B /* Helpers */ = {
			isa = PBXGroup;
			children = (
				8631854F2247F60800B5B64B /* Extensions.swift */,
			);
			path = Helpers;
			sourceTree = "<group>";
		};
		864F105E2230C7C100A985D2 = {
			isa = PBXGroup;
			children = (
				864F10692230C7C100A985D2 /* IGNFrontEnd */,
				864F107E2230C7C100A985D2 /* IGNFrontEndTests */,
				864F10892230C7C100A985D2 /* IGNFrontEndUITests */,
				864F10682230C7C100A985D2 /* Products */,
			);
			sourceTree = "<group>";
		};
		864F10682230C7C100A985D2 /* Products */ = {
			isa = PBXGroup;
			children = (
				864F10672230C7C100A985D2 /* IGNFrontEnd.app */,
				864F107B2230C7C100A985D2 /* IGNFrontEndTests.xctest */,
				864F10862230C7C100A985D2 /* IGNFrontEndUITests.xctest */,
			);
			name = Products;
			sourceTree = "<group>";
		};
		864F10692230C7C100A985D2 /* IGNFrontEnd */ = {
			isa = PBXGroup;
			children = (
				8631854E2247F5F700B5B64B /* Helpers */,
				863185492247F43100B5B64B /* Controller */,
				863185482247F41400B5B64B /* View */,
				863185472247F3DD00B5B64B /* Model */,
				864F106A2230C7C100A985D2 /* AppDelegate.swift */,
				864F10712230C7C100A985D2 /* Assets.xcassets */,
				864F10732230C7C100A985D2 /* LaunchScreen.storyboard */,
				864F10762230C7C100A985D2 /* Info.plist */,
				864F10A2223813E600A985D2 /* Main.storyboard */,
			);
			path = IGNFrontEnd;
			sourceTree = "<group>";
		};
		864F107E2230C7C100A985D2 /* IGNFrontEndTests */ = {
			isa = PBXGroup;
			children = (
				864F107F2230C7C100A985D2 /* IGNFrontEndTests.swift */,
				864F10812230C7C100A985D2 /* Info.plist */,
			);
			path = IGNFrontEndTests;
			sourceTree = "<group>";
		};
		864F10892230C7C100A985D2 /* IGNFrontEndUITests */ = {
			isa = PBXGroup;
			children = (
				864F108A2230C7C100A985D2 /* IGNFrontEndUITests.swift */,
				864F108C2230C7C100A985D2 /* Info.plist */,
			);
			path = IGNFrontEndUITests;
			sourceTree = "<group>";
		};
/* End PBXGroup section */

/* Begin PBXNativeTarget section */
		864F10662230C7C100A985D2 /* IGNFrontEnd */ = {
			isa = PBXNativeTarget;
			buildConfigurationList = 864F108F2230C7C100A985D2 /* Build configuration list for PBXNativeTarget "IGNFrontEnd" */;
			buildPhases = (
				864F10632230C7C100A985D2 /* Sources */,
				864F10642230C7C100A985D2 /* Frameworks */,
				864F10652230C7C100A985D2 /* Resources */,
			);
			buildRules = (
			);
			dependencies = (
			);
			name = IGNFrontEnd;
			productName = IGNFrontEnd;
			productReference = 864F10672230C7C100A985D2 /* IGNFrontEnd.app */;
			productType = "com.apple.product-type.application";
		};
		864F107A2230C7C100A985D2 /* IGNFrontEndTests */ = {
			isa = PBXNativeTarget;
			buildConfigurationList = 864F10922230C7C100A985D2 /* Build configuration list for PBXNativeTarget "IGNFrontEndTests" */;
			buildPhases = (
				864F10772230C7C100A985D2 /* Sources */,
				864F10782230C7C100A985D2 /* Frameworks */,
				864F10792230C7C100A985D2 /* Resources */,
			);
			buildRules = (
			);
			dependencies = (
				864F107D2230C7C100A985D2 /* PBXTargetDependency */,
			);
			name = IGNFrontEndTests;
			productName = IGNFrontEndTests;
			productReference = 864F107B2230C7C100A985D2 /* IGNFrontEndTests.xctest */;
			productType = "com.apple.product-type.bundle.unit-test";
		};
		864F10852230C7C100A985D2 /* IGNFrontEndUITests */ = {
			isa = PBXNativeTarget;
			buildConfigurationList = 864F10952230C7C100A985D2 /* Build configuration list for PBXNativeTarget "IGNFrontEndUITests" */;
			buildPhases = (
				864F10822230C7C100A985D2 /* Sources */,
				864F10832230C7C100A985D2 /* Frameworks */,
				864F10842230C7C100A985D2 /* Resources */,
			);
			buildRules = (
			);
			dependencies = (
				864F10882230C7C100A985D2 /* PBXTargetDependency */,
			);
			name = IGNFrontEndUITests;
			productName = IGNFrontEndUITests;
			productReference = 864F10862230C7C100A985D2 /* IGNFrontEndUITests.xctest */;
			productType = "com.apple.product-type.bundle.ui-testing";
		};
/* End PBXNativeTarget section */

/* Begin PBXProject section */
		864F105F2230C7C100A985D2 /* Project object */ = {
			isa = PBXProject;
			attributes = {
				LastSwiftUpdateCheck = 0920;
				LastUpgradeCheck = 0920;
				ORGANIZATIONNAME = "Aramis Knox";
				TargetAttributes = {
					864F10662230C7C100A985D2 = {
						CreatedOnToolsVersion = 9.2;
						ProvisioningStyle = Automatic;
					};
					864F107A2230C7C100A985D2 = {
						CreatedOnToolsVersion = 9.2;
						ProvisioningStyle = Automatic;
						TestTargetID = 864F10662230C7C100A985D2;
					};
					864F10852230C7C100A985D2 = {
						CreatedOnToolsVersion = 9.2;
						ProvisioningStyle = Automatic;
						TestTargetID = 864F10662230C7C100A985D2;
					};
				};
			};
			buildConfigurationList = 864F10622230C7C100A985D2 /* Build configuration list for PBXProject "IGNFrontEnd" */;
			compatibilityVersion = "Xcode 8.0";
			developmentRegion = en;
			hasScannedForEncodings = 0;
			knownRegions = (
				en,
				Base,
			);
			mainGroup = 864F105E2230C7C100A985D2;
			productRefGroup = 864F10682230C7C100A985D2 /* Products */;
			projectDirPath = "";
			projectRoot = "";
			targets = (
				864F10662230C7C100A985D2 /* IGNFrontEnd */,
				864F107A2230C7C100A985D2 /* IGNFrontEndTests */,
				864F10852230C7C100A985D2 /* IGNFrontEndUITests */,
			);
		};
/* End PBXProject section */

/* Begin PBXResourcesBuildPhase section */
		864F10652230C7C100A985D2 /* Resources */ = {
			isa = PBXResourcesBuildPhase;
			buildActionMask = 2147483647;
			files = (
				864F10A3223813E600A985D2 /* Main.storyboard in Resources */,
				864F10752230C7C100A985D2 /* LaunchScreen.storyboard in Resources */,
				864F10722230C7C100A985D2 /* Assets.xcassets in Resources */,
			);
			runOnlyForDeploymentPostprocessing = 0;
		};
		864F10792230C7C100A985D2 /* Resources */ = {
			isa = PBXResourcesBuildPhase;
			buildActionMask = 2147483647;
			files = (
			);
			runOnlyForDeploymentPostprocessing = 0;
		};
		864F10842230C7C100A985D2 /* Resources */ = {
			isa = PBXResourcesBuildPhase;
			buildActionMask = 2147483647;
			files = (
			);
			runOnlyForDeploymentPostprocessing = 0;
		};
/* End PBXResourcesBuildPhase section */

/* Begin PBXSourcesBuildPhase section */
		864F10632230C7C100A985D2 /* Sources */ = {
			isa = PBXSourcesBuildPhase;
			buildActionMask = 2147483647;
			files = (
				864F10A5223F173300A985D2 /* SlideBar.swift in Sources */,
				863185502247F60800B5B64B /* Extensions.swift in Sources */,
				8631854B2247F54F00B5B64B /* ContentCell.swift in Sources */,
				864F10992230CA6C00A985D2 /* DataRetrievalViewController.swift in Sources */,
				864F109F2236B33B00A985D2 /* ContentItem.swift in Sources */,
				8631854D2247F5B600B5B64B /* SlideMenuCell.swift in Sources */,
				864F106B2230C7C100A985D2 /* AppDelegate.swift in Sources */,
				864F109B22332EFA00A985D2 /* IGNApi.swift in Sources */,
				865F51E72246B78600F162BA /* DisplayWebViewController.swift in Sources */,
			);
			runOnlyForDeploymentPostprocessing = 0;
		};
		864F10772230C7C100A985D2 /* Sources */ = {
			isa = PBXSourcesBuildPhase;
			buildActionMask = 2147483647;
			files = (
				864F10802230C7C100A985D2 /* IGNFrontEndTests.swift in Sources */,
			);
			runOnlyForDeploymentPostprocessing = 0;
		};
		864F10822230C7C100A985D2 /* Sources */ = {
			isa = PBXSourcesBuildPhase;
			buildActionMask = 2147483647;
			files = (
				864F108B2230C7C100A985D2 /* IGNFrontEndUITests.swift in Sources */,
			);
			runOnlyForDeploymentPostprocessing = 0;
		};
/* End PBXSourcesBuildPhase section */

/* Begin PBXTargetDependency section */
		864F107D2230C7C100A985D2 /* PBXTargetDependency */ = {
			isa = PBXTargetDependency;
			target = 864F10662230C7C100A985D2 /* IGNFrontEnd */;
			targetProxy = 864F107C2230C7C100A985D2 /* PBXContainerItemProxy */;
		};
		864F10882230C7C100A985D2 /* PBXTargetDependency */ = {
			isa = PBXTargetDependency;
			target = 864F10662230C7C100A985D2 /* IGNFrontEnd */;
			targetProxy = 864F10872230C7C100A985D2 /* PBXContainerItemProxy */;
		};
/* End PBXTargetDependency section */

/* Begin PBXVariantGroup section */
		864F10732230C7C100A985D2 /* LaunchScreen.storyboard */ = {
			isa = PBXVariantGroup;
			children = (
				864F10742230C7C100A985D2 /* Base */,
			);
			name = LaunchScreen.storyboard;
			sourceTree = "<group>";
		};
/* End PBXVariantGroup section */

/* Begin XCBuildConfiguration section */
		864F108D2230C7C100A985D2 /* Debug */ = {
			isa = XCBuildConfiguration;
			buildSettings = {
				ALWAYS_SEARCH_USER_PATHS = NO;
				CLANG_ANALYZER_NONNULL = YES;
				CLANG_ANALYZER_NUMBER_OBJECT_CONVERSION = YES_AGGRESSIVE;
				CLANG_CXX_LANGUAGE_STANDARD = "gnu++14";
				CLANG_CXX_LIBRARY = "libc++";
				CLANG_ENABLE_MODULES = YES;
				CLANG_ENABLE_OBJC_ARC = YES;
				CLANG_WARN_BLOCK_CAPTURE_AUTORELEASING = YES;
				CLANG_WARN_BOOL_CONVERSION = YES;
				CLANG_WARN_COMMA = YES;
				CLANG_WARN_CONSTANT_CONVERSION = YES;
				CLANG_WARN_DIRECT_OBJC_ISA_USAGE = YES_ERROR;
				CLANG_WARN_DOCUMENTATION_COMMENTS = YES;
				CLANG_WARN_EMPTY_BODY = YES;
				CLANG_WARN_ENUM_CONVERSION = YES;
				CLANG_WARN_INFINITE_RECURSION = YES;
				CLANG_WARN_INT_CONVERSION = YES;
				CLANG_WARN_NON_LITERAL_NULL_CONVERSION = YES;
				CLANG_WARN_OBJC_LITERAL_CONVERSION = YES;
				CLANG_WARN_OBJC_ROOT_CLASS = YES_ERROR;
				CLANG_WARN_RANGE_LOOP_ANALYSIS = YES;
				CLANG_WARN_STRICT_PROTOTYPES = YES;
				CLANG_WARN_SUSPICIOUS_MOVE = YES;
				CLANG_WARN_UNGUARDED_AVAILABILITY = YES_AGGRESSIVE;
				CLANG_WARN_UNREACHABLE_CODE = YES;
				CLANG_WARN__DUPLICATE_METHOD_MATCH = YES;
				CODE_SIGN_IDENTITY = "iPhone Developer";
				COPY_PHASE_STRIP = NO;
				DEBUG_INFORMATION_FORMAT = dwarf;
				ENABLE_STRICT_OBJC_MSGSEND = YES;
				ENABLE_TESTABILITY = YES;
				GCC_C_LANGUAGE_STANDARD = gnu11;
				GCC_DYNAMIC_NO_PIC = NO;
				GCC_NO_COMMON_BLOCKS = YES;
				GCC_OPTIMIZATION_LEVEL = 0;
				GCC_PREPROCESSOR_DEFINITIONS = (
					"DEBUG=1",
					"$(inherited)",
				);
				GCC_WARN_64_TO_32_BIT_CONVERSION = YES;
				GCC_WARN_ABOUT_RETURN_TYPE = YES_ERROR;
				GCC_WARN_UNDECLARED_SELECTOR = YES;
				GCC_WARN_UNINITIALIZED_AUTOS = YES_AGGRESSIVE;
				GCC_WARN_UNUSED_FUNCTION = YES;
				GCC_WARN_UNUSED_VARIABLE = YES;
				IPHONEOS_DEPLOYMENT_TARGET = 11.2;
				MTL_ENABLE_DEBUG_INFO = YES;
				ONLY_ACTIVE_ARCH = YES;
				SDKROOT = iphoneos;
				SWIFT_ACTIVE_COMPILATION_CONDITIONS = DEBUG;
				SWIFT_OPTIMIZATION_LEVEL = "-Onone";
			};
			name = Debug;
		};
		864F108E2230C7C100A985D2 /* Release */ = {
			isa = XCBuildConfiguration;
			buildSettings = {
				ALWAYS_SEARCH_USER_PATHS = NO;
				CLANG_ANALYZER_NONNULL = YES;
				CLANG_ANALYZER_NUMBER_OBJECT_CONVERSION = YES_AGGRESSIVE;
				CLANG_CXX_LANGUAGE_STANDARD = "gnu++14";
				CLANG_CXX_LIBRARY = "libc++";
				CLANG_ENABLE_MODULES = YES;
				CLANG_ENABLE_OBJC_ARC = YES;
				CLANG_WARN_BLOCK_CAPTURE_AUTORELEASING = YES;
				CLANG_WARN_BOOL_CONVERSION = YES;
				CLANG_WARN_COMMA = YES;
				CLANG_WARN_CONSTANT_CONVERSION = YES;
				CLANG_WARN_DIRECT_OBJC_ISA_USAGE = YES_ERROR;
				CLANG_WARN_DOCUMENTATION_COMMENTS = YES;
				CLANG_WARN_EMPTY_BODY = YES;
				CLANG_WARN_ENUM_CONVERSION = YES;
				CLANG_WARN_INFINITE_RECURSION = YES;
				CLANG_WARN_INT_CONVERSION = YES;
				CLANG_WARN_NON_LITERAL_NULL_CONVERSION = YES;
				CLANG_WARN_OBJC_LITERAL_CONVERSION = YES;
				CLANG_WARN_OBJC_ROOT_CLASS = YES_ERROR;
				CLANG_WARN_RANGE_LOOP_ANALYSIS = YES;
				CLANG_WARN_STRICT_PROTOTYPES = YES;
				CLANG_WARN_SUSPICIOUS_MOVE = YES;
				CLANG_WARN_UNGUARDED_AVAILABILITY = YES_AGGRESSIVE;
				CLANG_WARN_UNREACHABLE_CODE = YES;
				CLANG_WARN__DUPLICATE_METHOD_MATCH = YES;
				CODE_SIGN_IDENTITY = "iPhone Developer";
				COPY_PHASE_STRIP = NO;
				DEBUG_INFORMATION_FORMAT = "dwarf-with-dsym";
				ENABLE_NS_ASSERTIONS = NO;
				ENABLE_STRICT_OBJC_MSGSEND = YES;
				GCC_C_LANGUAGE_STANDARD = gnu11;
				GCC_NO_COMMON_BLOCKS = YES;
				GCC_WARN_64_TO_32_BIT_CONVERSION = YES;
				GCC_WARN_ABOUT_RETURN_TYPE = YES_ERROR;
				GCC_WARN_UNDECLARED_SELECTOR = YES;
				GCC_WARN_UNINITIALIZED_AUTOS = YES_AGGRESSIVE;
				GCC_WARN_UNUSED_FUNCTION = YES;
				GCC_WARN_UNUSED_VARIABLE = YES;
				IPHONEOS_DEPLOYMENT_TARGET = 11.2;
				MTL_ENABLE_DEBUG_INFO = NO;
				SDKROOT = iphoneos;
				SWIFT_OPTIMIZATION_LEVEL = "-Owholemodule";
				VALIDATE_PRODUCT = YES;
			};
			name = Release;
		};
		864F10902230C7C100A985D2 /* Debug */ = {
			isa = XCBuildConfiguration;
			buildSettings = {
				ASSETCATALOG_COMPILER_APPICON_NAME = AppIcon;
				CODE_SIGN_STYLE = Automatic;
				DEVELOPMENT_TEAM = WPHC4GBJCT;
				INFOPLIST_FILE = IGNFrontEnd/Info.plist;
				LD_RUNPATH_SEARCH_PATHS = "$(inherited) @executable_path/Frameworks";
				PRODUCT_BUNDLE_IDENTIFIER = Knoxious.IGNFrontEnd;
				PRODUCT_NAME = "$(TARGET_NAME)";
				SWIFT_VERSION = 4.0;
				TARGETED_DEVICE_FAMILY = "1,2";
			};
			name = Debug;
		};
		864F10912230C7C100A985D2 /* Release */ = {
			isa = XCBuildConfiguration;
			buildSettings = {
				ASSETCATALOG_COMPILER_APPICON_NAME = AppIcon;
				CODE_SIGN_STYLE = Automatic;
				DEVELOPMENT_TEAM = WPHC4GBJCT;
				INFOPLIST_FILE = IGNFrontEnd/Info.plist;
				LD_RUNPATH_SEARCH_PATHS = "$(inherited) @executable_path/Frameworks";
				PRODUCT_BUNDLE_IDENTIFIER = Knoxious.IGNFrontEnd;
				PRODUCT_NAME = "$(TARGET_NAME)";
				SWIFT_VERSION = 4.0;
				TARGETED_DEVICE_FAMILY = "1,2";
			};
			name = Release;
		};
		864F10932230C7C100A985D2 /* Debug */ = {
			isa = XCBuildConfiguration;
			buildSettings = {
				ALWAYS_EMBED_SWIFT_STANDARD_LIBRARIES = YES;
				BUNDLE_LOADER = "$(TEST_HOST)";
				CODE_SIGN_STYLE = Automatic;
				DEVELOPMENT_TEAM = WPHC4GBJCT;
				INFOPLIST_FILE = IGNFrontEndTests/Info.plist;
				LD_RUNPATH_SEARCH_PATHS = "$(inherited) @executable_path/Frameworks @loader_path/Frameworks";
				PRODUCT_BUNDLE_IDENTIFIER = Knoxious.IGNFrontEndTests;
				PRODUCT_NAME = "$(TARGET_NAME)";
				SWIFT_VERSION = 4.0;
				TARGETED_DEVICE_FAMILY = "1,2";
				TEST_HOST = "$(BUILT_PRODUCTS_DIR)/IGNFrontEnd.app/IGNFrontEnd";
			};
			name = Debug;
		};
		864F10942230C7C100A985D2 /* Release */ = {
			isa = XCBuildConfiguration;
			buildSettings = {
				ALWAYS_EMBED_SWIFT_STANDARD_LIBRARIES = YES;
				BUNDLE_LOADER = "$(TEST_HOST)";
				CODE_SIGN_STYLE = Automatic;
				DEVELOPMENT_TEAM = WPHC4GBJCT;
				INFOPLIST_FILE = IGNFrontEndTests/Info.plist;
				LD_RUNPATH_SEARCH_PATHS = "$(inherited) @executable_path/Frameworks @loader_path/Frameworks";
				PRODUCT_BUNDLE_IDENTIFIER = Knoxious.IGNFrontEndTests;
				PRODUCT_NAME = "$(TARGET_NAME)";
				SWIFT_VERSION = 4.0;
				TARGETED_DEVICE_FAMILY = "1,2";
				TEST_HOST = "$(BUILT_PRODUCTS_DIR)/IGNFrontEnd.app/IGNFrontEnd";
			};
			name = Release;
		};
		864F10962230C7C100A985D2 /* Debug */ = {
			isa = XCBuildConfiguration;
			buildSettings = {
				ALWAYS_EMBED_SWIFT_STANDARD_LIBRARIES = YES;
				CODE_SIGN_STYLE = Automatic;
				DEVELOPMENT_TEAM = WPHC4GBJCT;
				INFOPLIST_FILE = IGNFrontEndUITests/Info.plist;
				LD_RUNPATH_SEARCH_PATHS = "$(inherited) @executable_path/Frameworks @loader_path/Frameworks";
				PRODUCT_BUNDLE_IDENTIFIER = Knoxious.IGNFrontEndUITests;
				PRODUCT_NAME = "$(TARGET_NAME)";
				SWIFT_VERSION = 4.0;
				TARGETED_DEVICE_FAMILY = "1,2";
				TEST_TARGET_NAME = IGNFrontEnd;
			};
			name = Debug;
		};
		864F10972230C7C100A985D2 /* Release */ = {
			isa = XCBuildConfiguration;
			buildSettings = {
				ALWAYS_EMBED_SWIFT_STANDARD_LIBRARIES = YES;
				CODE_SIGN_STYLE = Automatic;
				DEVELOPMENT_TEAM = WPHC4GBJCT;
				INFOPLIST_FILE = IGNFrontEndUITests/Info.plist;
				LD_RUNPATH_SEARCH_PATHS = "$(inherited) @executable_path/Frameworks @loader_path/Frameworks";
				PRODUCT_BUNDLE_IDENTIFIER = Knoxious.IGNFrontEndUITests;
				PRODUCT_NAME = "$(TARGET_NAME)";
				SWIFT_VERSION = 4.0;
				TARGETED_DEVICE_FAMILY = "1,2";
				TEST_TARGET_NAME = IGNFrontEnd;
			};
			name = Release;
		};
/* End XCBuildConfiguration section */

/* Begin XCConfigurationList section */
		864F10622230C7C100A985D2 /* Build configuration list for PBXProject "IGNFrontEnd" */ = {
			isa = XCConfigurationList;
			buildConfigurations = (
				864F108D2230C7C100A985D2 /* Debug */,
				864F108E2230C7C100A985D2 /* Release */,
			);
			defaultConfigurationIsVisible = 0;
			defaultConfigurationName = Release;
		};
		864F108F2230C7C100A985D2 /* Build configuration list for PBXNativeTarget "IGNFrontEnd" */ = {
			isa = XCConfigurationList;
			buildConfigurations = (
				864F10902230C7C100A985D2 /* Debug */,
				864F10912230C7C100A985D2 /* Release */,
			);
			defaultConfigurationIsVisible = 0;
			defaultConfigurationName = Release;
		};
		864F10922230C7C100A985D2 /* Build configuration list for PBXNativeTarget "IGNFrontEndTests" */ = {
			isa = XCConfigurationList;
			buildConfigurations = (
				864F10932230C7C100A985D2 /* Debug */,
				864F10942230C7C100A985D2 /* Release */,
			);
			defaultConfigurationIsVisible = 0;
			defaultConfigurationName = Release;
		};
		864F10952230C7C100A985D2 /* Build configuration list for PBXNativeTarget "IGNFrontEndUITests" */ = {
			isa = XCConfigurationList;
			buildConfigurations = (
				864F10962230C7C100A985D2 /* Debug */,
				864F10972230C7C100A985D2 /* Release */,
			);
			defaultConfigurationIsVisible = 0;
			defaultConfigurationName = Release;
		};
/* End XCConfigurationList section */
	};
	rootObject = 864F105F2230C7C100A985D2 /* Project object */;
}
